
Microsoft Visual Studio Solution File, Format Version 12.00
# Visual Studio Version 16
VisualStudioVersion = 16.0.29905.134
MinimumVisualStudioVersion = 10.0.40219.1
Project("{FAE04EC0-301F-11D3-BF4B-00C04F79EFBC}") = "FoodOrdering", "FoodOrdering\FoodOrdering.csproj", "{DB3ECAB5-3C76-40B1-9FD3-47C9524C53D6}"
EndProject
Global
	GlobalSection(SolutionConfigurationPlatforms) = preSolution
		Debug|Any CPU = Debug|Any CPU
		Release|Any CPU = Release|Any CPU
	EndGlobalSection
	GlobalSection(ProjectConfigurationPlatforms) = postSolution
		{DB3ECAB5-3C76-40B1-9FD3-47C9524C53D6}.Debug|Any CPU.ActiveCfg = Debug|Any CPU
		{DB3ECAB5-3C76-40B1-9FD3-47C9524C53D6}.Debug|Any CPU.Build.0 = Debug|Any CPU
		{DB3ECAB5-3C76-40B1-9FD3-47C9524C53D6}.Release|Any CPU.ActiveCfg = Release|Any CPU
		{DB3ECAB5-3C76-40B1-9FD3-47C9524C53D6}.Release|Any CPU.Build.0 = Release|Any CPU
	EndGlobalSection
	GlobalSection(SolutionProperties) = preSolution
		HideSolutionNode = FALSE
	EndGlobalSection
	GlobalSection(ExtensibilityGlobals) = postSolution
		SolutionGuid = {D5EFCDB3-06B6-4D95-9075-37803DA0D7F9}
	EndGlobalSection
EndGlobal
